// !$*UTF8*$!
{
	archiveVersion = 1;
	classes = {
	};
	objectVersion = 46;
	objects = {

/* Begin PBXBuildFile section */
		3D1ACF31BED3DB007678738C /* Pods.framework in Frameworks */ = {isa = PBXBuildFile; fileRef = C1981195BC8AE806D378DF3B /* Pods.framework */; };
		9805B1401BCFB044003DD994 /* Node+CoreDataProperties.m in Sources */ = {isa = PBXBuildFile; fileRef = 9805B13D1BCFB044003DD994 /* Node+CoreDataProperties.m */; settings = {ASSET_TAGS = (); }; };
		9805B1411BCFB044003DD994 /* Node.m in Sources */ = {isa = PBXBuildFile; fileRef = 9805B13F1BCFB044003DD994 /* Node.m */; settings = {ASSET_TAGS = (); }; };
		984DFA291BA491E2006E4DAB /* NodeDetailTVC.m in Sources */ = {isa = PBXBuildFile; fileRef = 984DFA281BA491E2006E4DAB /* NodeDetailTVC.m */; };
		984DFA2C1BA4B944006E4DAB /* NodeResourcesVC.m in Sources */ = {isa = PBXBuildFile; fileRef = 984DFA2B1BA4B944006E4DAB /* NodeResourcesVC.m */; };
		984DFA321BA533E2006E4DAB /* MultilineTextCell.m in Sources */ = {isa = PBXBuildFile; fileRef = 984DFA311BA533E2006E4DAB /* MultilineTextCell.m */; };
		984DFA381BA534C1006E4DAB /* MultilineTextItem.m in Sources */ = {isa = PBXBuildFile; fileRef = 984DFA371BA534C1006E4DAB /* MultilineTextItem.m */; };
		984DFA3B1BA53EAE006E4DAB /* NodeAPI.m in Sources */ = {isa = PBXBuildFile; fileRef = 984DFA3A1BA53EAE006E4DAB /* NodeAPI.m */; };
		984DFA431BA57B7C006E4DAB /* ListImageCell.m in Sources */ = {isa = PBXBuildFile; fileRef = 984DFA401BA57B7C006E4DAB /* ListImageCell.m */; };
		984DFA441BA57B7C006E4DAB /* ListImageItem.m in Sources */ = {isa = PBXBuildFile; fileRef = 984DFA421BA57B7C006E4DAB /* ListImageItem.m */; };
		986E01441BA3DBCF00C12BF2 /* Driver.m in Sources */ = {isa = PBXBuildFile; fileRef = 986E01431BA3DBCF00C12BF2 /* Driver.m */; };
		986E01471BA3DBCF00C12BF2 /* Grove.m in Sources */ = {isa = PBXBuildFile; fileRef = 986E01461BA3DBCF00C12BF2 /* Grove.m */; };
		988B06711BD48FFE00C4268E /* NSString+escapedUnicode.m in Sources */ = {isa = PBXBuildFile; fileRef = 988B06701BD48FFE00C4268E /* NSString+escapedUnicode.m */; settings = {ASSET_TAGS = (); }; };
		98B4ED631BA13296000D6255 /* SetupNodeVC.m in Sources */ = {isa = PBXBuildFile; fileRef = 98B4ED621BA13296000D6255 /* SetupNodeVC.m */; };
		98B4ED661BA1BF0F000D6255 /* SelectGroveTVC.m in Sources */ = {isa = PBXBuildFile; fileRef = 98B4ED651BA1BF0F000D6255 /* SelectGroveTVC.m */; };
		98B4ED691BA1C4F7000D6255 /* Grove+Create.m in Sources */ = {isa = PBXBuildFile; fileRef = 98B4ED681BA1C4F7000D6255 /* Grove+Create.m */; };
		98E026351BBF6B6C00D691B4 /* NodeListCell.m in Sources */ = {isa = PBXBuildFile; fileRef = 98E026341BBF6B6C00D691B4 /* NodeListCell.m */; settings = {ASSET_TAGS = (); }; };
		98E9CF491BD0F21E00FE1F38 /* SetupViewController.m in Sources */ = {isa = PBXBuildFile; fileRef = 98E9CF481BD0F21E00FE1F38 /* SetupViewController.m */; settings = {ASSET_TAGS = (); }; };
		98F6725F1B980E6800A9292B /* main.m in Sources */ = {isa = PBXBuildFile; fileRef = 98F6725E1B980E6800A9292B /* main.m */; };
		98F672621B980E6800A9292B /* AppDelegate.m in Sources */ = {isa = PBXBuildFile; fileRef = 98F672611B980E6800A9292B /* AppDelegate.m */; };
		98F672651B980E6800A9292B /* PionOne.xcdatamodeld in Sources */ = {isa = PBXBuildFile; fileRef = 98F672631B980E6800A9292B /* PionOne.xcdatamodeld */; };
		98F6726B1B980E6800A9292B /* Main.storyboard in Resources */ = {isa = PBXBuildFile; fileRef = 98F672691B980E6800A9292B /* Main.storyboard */; };
		98F6726D1B980E6800A9292B /* Images.xcassets in Resources */ = {isa = PBXBuildFile; fileRef = 98F6726C1B980E6800A9292B /* Images.xcassets */; };
		98F672701B980E6800A9292B /* LaunchScreen.xib in Resources */ = {isa = PBXBuildFile; fileRef = 98F6726E1B980E6800A9292B /* LaunchScreen.xib */; };
		98F672AD1B98114C00A9292B /* CoreDataTableViewController.m in Sources */ = {isa = PBXBuildFile; fileRef = 98F672A61B98114C00A9292B /* CoreDataTableViewController.m */; };
		98F672AF1B98114C00A9292B /* SignUpVC.m in Sources */ = {isa = PBXBuildFile; fileRef = 98F672AA1B98114C00A9292B /* SignUpVC.m */; };
		98F672B01B98114C00A9292B /* WelcomeViewController.m in Sources */ = {isa = PBXBuildFile; fileRef = 98F672AC1B98114C00A9292B /* WelcomeViewController.m */; };
		98F672B31B98118000A9292B /* NSString+Email.m in Sources */ = {isa = PBXBuildFile; fileRef = 98F672B21B98118000A9292B /* NSString+Email.m */; };
		98F672B61B98176500A9292B /* PionOneManager.m in Sources */ = {isa = PBXBuildFile; fileRef = 98F672B51B98176500A9292B /* PionOneManager.m */; };
		98F672E01B98290C00A9292B /* User+Create.m in Sources */ = {isa = PBXBuildFile; fileRef = 98F672DF1B98290C00A9292B /* User+Create.m */; };
		98F672E31B9839A000A9292B /* NodeListCDTVC.m in Sources */ = {isa = PBXBuildFile; fileRef = 98F672E21B9839A000A9292B /* NodeListCDTVC.m */; };
		98F672E61B983F5300A9292B /* Node+Setup.m in Sources */ = {isa = PBXBuildFile; fileRef = 98F672E51B983F5300A9292B /* Node+Setup.m */; };
		98F672E91B98457B00A9292B /* AppDelegate+Prepare.m in Sources */ = {isa = PBXBuildFile; fileRef = 98F672E81B98457B00A9292B /* AppDelegate+Prepare.m */; };
		98F672EF1B98CA6800A9292B /* RetrievePasswordVC.m in Sources */ = {isa = PBXBuildFile; fileRef = 98F672EE1B98CA6800A9292B /* RetrievePasswordVC.m */; };
		98F672F21B9965A400A9292B /* RootViewController.m in Sources */ = {isa = PBXBuildFile; fileRef = 98F672F11B9965A400A9292B /* RootViewController.m */; };
		98F672F51B996E1E00A9292B /* MenuVC.m in Sources */ = {isa = PBXBuildFile; fileRef = 98F672F41B996E1E00A9292B /* MenuVC.m */; };
		98F672F81B99802200A9292B /* Driver+Create.m in Sources */ = {isa = PBXBuildFile; fileRef = 98F672F71B99802200A9292B /* Driver+Create.m */; };
		98F673071B99A00700A9292B /* DriverListCDTVC.m in Sources */ = {isa = PBXBuildFile; fileRef = 98F673061B99A00700A9292B /* DriverListCDTVC.m */; };
		98F6730A1B99A41900A9292B /* User.m in Sources */ = {isa = PBXBuildFile; fileRef = 98F673091B99A41900A9292B /* User.m */; };
		98F673191B99A7FC00A9292B /* GroveTableViewCell.m in Sources */ = {isa = PBXBuildFile; fileRef = 98F673181B99A7FC00A9292B /* GroveTableViewCell.m */; };
		98F6731C1B99A92F00A9292B /* DriverDetailVC.m in Sources */ = {isa = PBXBuildFile; fileRef = 98F6731B1B99A92F00A9292B /* DriverDetailVC.m */; };
		98F673221B9A887100A9292B /* PrepareAPConfigVC.m in Sources */ = {isa = PBXBuildFile; fileRef = 98F673211B9A887100A9292B /* PrepareAPConfigVC.m */; };
		98F673271B9AE27E00A9292B /* APConfigGuideVC.m in Sources */ = {isa = PBXBuildFile; fileRef = 98F673261B9AE27E00A9292B /* APConfigGuideVC.m */; };
		98F6732A1B9B0A2F00A9292B /* WiFiPasswordVC.m in Sources */ = {isa = PBXBuildFile; fileRef = 98F673291B9B0A2F00A9292B /* WiFiPasswordVC.m */; };
		98F6A3961BA07EEC005BFBA4 /* SignInVC.m in Sources */ = {isa = PBXBuildFile; fileRef = 98F6A3951BA07EEC005BFBA4 /* SignInVC.m */; };
/* End PBXBuildFile section */

/* Begin PBXFileReference section */
		243FA921D9EC0C3B3301DE1F /* Pods.release.xcconfig */ = {isa = PBXFileReference; includeInIndex = 1; lastKnownFileType = text.xcconfig; name = Pods.release.xcconfig; path = "Pods/Target Support Files/Pods/Pods.release.xcconfig"; sourceTree = "<group>"; };
		9805B13C1BCFB044003DD994 /* Node+CoreDataProperties.h */ = {isa = PBXFileReference; fileEncoding = 4; lastKnownFileType = sourcecode.c.h; name = "Node+CoreDataProperties.h"; path = "Database/Node+CoreDataProperties.h"; sourceTree = "<group>"; };
		9805B13D1BCFB044003DD994 /* Node+CoreDataProperties.m */ = {isa = PBXFileReference; fileEncoding = 4; lastKnownFileType = sourcecode.c.objc; name = "Node+CoreDataProperties.m"; path = "Database/Node+CoreDataProperties.m"; sourceTree = "<group>"; };
		9805B13E1BCFB044003DD994 /* Node.h */ = {isa = PBXFileReference; fileEncoding = 4; lastKnownFileType = sourcecode.c.h; name = Node.h; path = Database/Node.h; sourceTree = "<group>"; };
		9805B13F1BCFB044003DD994 /* Node.m */ = {isa = PBXFileReference; fileEncoding = 4; lastKnownFileType = sourcecode.c.objc; name = Node.m; path = Database/Node.m; sourceTree = "<group>"; };
		984DFA271BA491E2006E4DAB /* NodeDetailTVC.h */ = {isa = PBXFileReference; fileEncoding = 4; lastKnownFileType = sourcecode.c.h; path = NodeDetailTVC.h; sourceTree = "<group>"; };
		984DFA281BA491E2006E4DAB /* NodeDetailTVC.m */ = {isa = PBXFileReference; fileEncoding = 4; lastKnownFileType = sourcecode.c.objc; path = NodeDetailTVC.m; sourceTree = "<group>"; };
		984DFA2A1BA4B944006E4DAB /* NodeResourcesVC.h */ = {isa = PBXFileReference; fileEncoding = 4; lastKnownFileType = sourcecode.c.h; path = NodeResourcesVC.h; sourceTree = "<group>"; };
		984DFA2B1BA4B944006E4DAB /* NodeResourcesVC.m */ = {isa = PBXFileReference; fileEncoding = 4; lastKnownFileType = sourcecode.c.objc; path = NodeResourcesVC.m; sourceTree = "<group>"; };
		984DFA301BA533E2006E4DAB /* MultilineTextCell.h */ = {isa = PBXFileReference; fileEncoding = 4; lastKnownFileType = sourcecode.c.h; name = MultilineTextCell.h; path = Views/MultilineTextCell.h; sourceTree = "<group>"; };
		984DFA311BA533E2006E4DAB /* MultilineTextCell.m */ = {isa = PBXFileReference; fileEncoding = 4; lastKnownFileType = sourcecode.c.objc; name = MultilineTextCell.m; path = Views/MultilineTextCell.m; sourceTree = "<group>"; };
		984DFA361BA534C1006E4DAB /* MultilineTextItem.h */ = {isa = PBXFileReference; fileEncoding = 4; lastKnownFileType = sourcecode.c.h; name = MultilineTextItem.h; path = Views/MultilineTextItem.h; sourceTree = "<group>"; };
		984DFA371BA534C1006E4DAB /* MultilineTextItem.m */ = {isa = PBXFileReference; fileEncoding = 4; lastKnownFileType = sourcecode.c.objc; name = MultilineTextItem.m; path = Views/MultilineTextItem.m; sourceTree = "<group>"; };
		984DFA391BA53EAE006E4DAB /* NodeAPI.h */ = {isa = PBXFileReference; fileEncoding = 4; lastKnownFileType = sourcecode.c.h; name = NodeAPI.h; path = Classes/NodeAPI.h; sourceTree = "<group>"; };
		984DFA3A1BA53EAE006E4DAB /* NodeAPI.m */ = {isa = PBXFileReference; fileEncoding = 4; lastKnownFileType = sourcecode.c.objc; name = NodeAPI.m; path = Classes/NodeAPI.m; sourceTree = "<group>"; };
		984DFA3F1BA57B7C006E4DAB /* ListImageCell.h */ = {isa = PBXFileReference; fileEncoding = 4; lastKnownFileType = sourcecode.c.h; name = ListImageCell.h; path = Views/ListImageCell.h; sourceTree = "<group>"; };
		984DFA401BA57B7C006E4DAB /* ListImageCell.m */ = {isa = PBXFileReference; fileEncoding = 4; lastKnownFileType = sourcecode.c.objc; name = ListImageCell.m; path = Views/ListImageCell.m; sourceTree = "<group>"; };
		984DFA411BA57B7C006E4DAB /* ListImageItem.h */ = {isa = PBXFileReference; fileEncoding = 4; lastKnownFileType = sourcecode.c.h; name = ListImageItem.h; path = Views/ListImageItem.h; sourceTree = "<group>"; };
		984DFA421BA57B7C006E4DAB /* ListImageItem.m */ = {isa = PBXFileReference; fileEncoding = 4; lastKnownFileType = sourcecode.c.objc; name = ListImageItem.m; path = Views/ListImageItem.m; sourceTree = "<group>"; };
		986E01421BA3DBCF00C12BF2 /* Driver.h */ = {isa = PBXFileReference; fileEncoding = 4; lastKnownFileType = sourcecode.c.h; name = Driver.h; path = Database/Driver.h; sourceTree = "<group>"; };
		986E01431BA3DBCF00C12BF2 /* Driver.m */ = {isa = PBXFileReference; fileEncoding = 4; lastKnownFileType = sourcecode.c.objc; name = Driver.m; path = Database/Driver.m; sourceTree = "<group>"; };
		986E01451BA3DBCF00C12BF2 /* Grove.h */ = {isa = PBXFileReference; fileEncoding = 4; lastKnownFileType = sourcecode.c.h; name = Grove.h; path = Database/Grove.h; sourceTree = "<group>"; };
		986E01461BA3DBCF00C12BF2 /* Grove.m */ = {isa = PBXFileReference; fileEncoding = 4; lastKnownFileType = sourcecode.c.objc; name = Grove.m; path = Database/Grove.m; sourceTree = "<group>"; };
		988B066F1BD48FFE00C4268E /* NSString+escapedUnicode.h */ = {isa = PBXFileReference; fileEncoding = 4; lastKnownFileType = sourcecode.c.h; name = "NSString+escapedUnicode.h"; path = "Classes/NSString+escapedUnicode.h"; sourceTree = "<group>"; };
		988B06701BD48FFE00C4268E /* NSString+escapedUnicode.m */ = {isa = PBXFileReference; fileEncoding = 4; lastKnownFileType = sourcecode.c.objc; name = "NSString+escapedUnicode.m"; path = "Classes/NSString+escapedUnicode.m"; sourceTree = "<group>"; };
		98B4ED611BA13296000D6255 /* SetupNodeVC.h */ = {isa = PBXFileReference; fileEncoding = 4; lastKnownFileType = sourcecode.c.h; path = SetupNodeVC.h; sourceTree = "<group>"; };
		98B4ED621BA13296000D6255 /* SetupNodeVC.m */ = {isa = PBXFileReference; fileEncoding = 4; lastKnownFileType = sourcecode.c.objc; path = SetupNodeVC.m; sourceTree = "<group>"; };
		98B4ED641BA1BF0F000D6255 /* SelectGroveTVC.h */ = {isa = PBXFileReference; fileEncoding = 4; lastKnownFileType = sourcecode.c.h; path = SelectGroveTVC.h; sourceTree = "<group>"; };
		98B4ED651BA1BF0F000D6255 /* SelectGroveTVC.m */ = {isa = PBXFileReference; fileEncoding = 4; lastKnownFileType = sourcecode.c.objc; path = SelectGroveTVC.m; sourceTree = "<group>"; };
		98B4ED671BA1C4F7000D6255 /* Grove+Create.h */ = {isa = PBXFileReference; fileEncoding = 4; lastKnownFileType = sourcecode.c.h; name = "Grove+Create.h"; path = "Database/Grove+Create.h"; sourceTree = "<group>"; };
		98B4ED681BA1C4F7000D6255 /* Grove+Create.m */ = {isa = PBXFileReference; fileEncoding = 4; lastKnownFileType = sourcecode.c.objc; name = "Grove+Create.m"; path = "Database/Grove+Create.m"; sourceTree = "<group>"; };
		98E026331BBF6B6C00D691B4 /* NodeListCell.h */ = {isa = PBXFileReference; fileEncoding = 4; lastKnownFileType = sourcecode.c.h; name = NodeListCell.h; path = Views/NodeListCell.h; sourceTree = "<group>"; };
		98E026341BBF6B6C00D691B4 /* NodeListCell.m */ = {isa = PBXFileReference; fileEncoding = 4; lastKnownFileType = sourcecode.c.objc; name = NodeListCell.m; path = Views/NodeListCell.m; sourceTree = "<group>"; };
		98E9CF471BD0F21E00FE1F38 /* SetupViewController.h */ = {isa = PBXFileReference; fileEncoding = 4; lastKnownFileType = sourcecode.c.h; path = SetupViewController.h; sourceTree = "<group>"; };
		98E9CF481BD0F21E00FE1F38 /* SetupViewController.m */ = {isa = PBXFileReference; fileEncoding = 4; lastKnownFileType = sourcecode.c.objc; path = SetupViewController.m; sourceTree = "<group>"; };
		98F672591B980E6800A9292B /* PionOne.app */ = {isa = PBXFileReference; explicitFileType = wrapper.application; includeInIndex = 0; path = PionOne.app; sourceTree = BUILT_PRODUCTS_DIR; };
		98F6725D1B980E6800A9292B /* Info.plist */ = {isa = PBXFileReference; lastKnownFileType = text.plist.xml; path = Info.plist; sourceTree = "<group>"; };
		98F6725E1B980E6800A9292B /* main.m */ = {isa = PBXFileReference; lastKnownFileType = sourcecode.c.objc; path = main.m; sourceTree = "<group>"; };
		98F672601B980E6800A9292B /* AppDelegate.h */ = {isa = PBXFileReference; lastKnownFileType = sourcecode.c.h; path = AppDelegate.h; sourceTree = "<group>"; };
		98F672611B980E6800A9292B /* AppDelegate.m */ = {isa = PBXFileReference; lastKnownFileType = sourcecode.c.objc; path = AppDelegate.m; sourceTree = "<group>"; };
		98F672641B980E6800A9292B /* PionOne.xcdatamodel */ = {isa = PBXFileReference; lastKnownFileType = wrapper.xcdatamodel; path = PionOne.xcdatamodel; sourceTree = "<group>"; };
		98F6726A1B980E6800A9292B /* Base */ = {isa = PBXFileReference; lastKnownFileType = file.storyboard; name = Base; path = Base.lproj/Main.storyboard; sourceTree = "<group>"; };
		98F6726C1B980E6800A9292B /* Images.xcassets */ = {isa = PBXFileReference; lastKnownFileType = folder.assetcatalog; path = Images.xcassets; sourceTree = "<group>"; };
		98F6726F1B980E6800A9292B /* Base */ = {isa = PBXFileReference; lastKnownFileType = file.xib; name = Base; path = Base.lproj/LaunchScreen.xib; sourceTree = "<group>"; };
		98F672A51B98114C00A9292B /* CoreDataTableViewController.h */ = {isa = PBXFileReference; fileEncoding = 4; lastKnownFileType = sourcecode.c.h; path = CoreDataTableViewController.h; sourceTree = "<group>"; };
		98F672A61B98114C00A9292B /* CoreDataTableViewController.m */ = {isa = PBXFileReference; fileEncoding = 4; lastKnownFileType = sourcecode.c.objc; path = CoreDataTableViewController.m; sourceTree = "<group>"; };
		98F672A91B98114C00A9292B /* SignUpVC.h */ = {isa = PBXFileReference; fileEncoding = 4; lastKnownFileType = sourcecode.c.h; path = SignUpVC.h; sourceTree = "<group>"; };
		98F672AA1B98114C00A9292B /* SignUpVC.m */ = {isa = PBXFileReference; fileEncoding = 4; lastKnownFileType = sourcecode.c.objc; path = SignUpVC.m; sourceTree = "<group>"; };
		98F672AB1B98114C00A9292B /* WelcomeViewController.h */ = {isa = PBXFileReference; fileEncoding = 4; lastKnownFileType = sourcecode.c.h; path = WelcomeViewController.h; sourceTree = "<group>"; };
		98F672AC1B98114C00A9292B /* WelcomeViewController.m */ = {isa = PBXFileReference; fileEncoding = 4; lastKnownFileType = sourcecode.c.objc; path = WelcomeViewController.m; sourceTree = "<group>"; };
		98F672B11B98118000A9292B /* NSString+Email.h */ = {isa = PBXFileReference; fileEncoding = 4; lastKnownFileType = sourcecode.c.h; name = "NSString+Email.h"; path = "Classes/NSString+Email.h"; sourceTree = "<group>"; };
		98F672B21B98118000A9292B /* NSString+Email.m */ = {isa = PBXFileReference; fileEncoding = 4; lastKnownFileType = sourcecode.c.objc; name = "NSString+Email.m"; path = "Classes/NSString+Email.m"; sourceTree = "<group>"; };
		98F672B41B98176500A9292B /* PionOneManager.h */ = {isa = PBXFileReference; fileEncoding = 4; lastKnownFileType = sourcecode.c.h; name = PionOneManager.h; path = Classes/PionOneManager.h; sourceTree = "<group>"; };
		98F672B51B98176500A9292B /* PionOneManager.m */ = {isa = PBXFileReference; fileEncoding = 4; lastKnownFileType = sourcecode.c.objc; name = PionOneManager.m; path = Classes/PionOneManager.m; sourceTree = "<group>"; };
		98F672B71B9822A700A9292B /* PionOneUserDefaults.h */ = {isa = PBXFileReference; lastKnownFileType = sourcecode.c.h; name = PionOneUserDefaults.h; path = Classes/PionOneUserDefaults.h; sourceTree = "<group>"; };
		98F672DE1B98290C00A9292B /* User+Create.h */ = {isa = PBXFileReference; fileEncoding = 4; lastKnownFileType = sourcecode.c.h; name = "User+Create.h"; path = "Database/User+Create.h"; sourceTree = "<group>"; };
		98F672DF1B98290C00A9292B /* User+Create.m */ = {isa = PBXFileReference; fileEncoding = 4; lastKnownFileType = sourcecode.c.objc; name = "User+Create.m"; path = "Database/User+Create.m"; sourceTree = "<group>"; };
		98F672E11B9839A000A9292B /* NodeListCDTVC.h */ = {isa = PBXFileReference; fileEncoding = 4; lastKnownFileType = sourcecode.c.h; path = NodeListCDTVC.h; sourceTree = "<group>"; };
		98F672E21B9839A000A9292B /* NodeListCDTVC.m */ = {isa = PBXFileReference; fileEncoding = 4; lastKnownFileType = sourcecode.c.objc; path = NodeListCDTVC.m; sourceTree = "<group>"; };
		98F672E41B983F5300A9292B /* Node+Setup.h */ = {isa = PBXFileReference; fileEncoding = 4; lastKnownFileType = sourcecode.c.h; name = "Node+Setup.h"; path = "Database/Node+Setup.h"; sourceTree = "<group>"; };
		98F672E51B983F5300A9292B /* Node+Setup.m */ = {isa = PBXFileReference; fileEncoding = 4; lastKnownFileType = sourcecode.c.objc; name = "Node+Setup.m"; path = "Database/Node+Setup.m"; sourceTree = "<group>"; };
		98F672E71B98457B00A9292B /* AppDelegate+Prepare.h */ = {isa = PBXFileReference; fileEncoding = 4; lastKnownFileType = sourcecode.c.h; path = "AppDelegate+Prepare.h"; sourceTree = "<group>"; };
		98F672E81B98457B00A9292B /* AppDelegate+Prepare.m */ = {isa = PBXFileReference; fileEncoding = 4; lastKnownFileType = sourcecode.c.objc; path = "AppDelegate+Prepare.m"; sourceTree = "<group>"; };
		98F672ED1B98CA6800A9292B /* RetrievePasswordVC.h */ = {isa = PBXFileReference; fileEncoding = 4; lastKnownFileType = sourcecode.c.h; path = RetrievePasswordVC.h; sourceTree = "<group>"; };
		98F672EE1B98CA6800A9292B /* RetrievePasswordVC.m */ = {isa = PBXFileReference; fileEncoding = 4; lastKnownFileType = sourcecode.c.objc; path = RetrievePasswordVC.m; sourceTree = "<group>"; };
		98F672F01B9965A400A9292B /* RootViewController.h */ = {isa = PBXFileReference; fileEncoding = 4; lastKnownFileType = sourcecode.c.h; path = RootViewController.h; sourceTree = "<group>"; };
		98F672F11B9965A400A9292B /* RootViewController.m */ = {isa = PBXFileReference; fileEncoding = 4; lastKnownFileType = sourcecode.c.objc; path = RootViewController.m; sourceTree = "<group>"; };
		98F672F31B996E1E00A9292B /* MenuVC.h */ = {isa = PBXFileReference; fileEncoding = 4; lastKnownFileType = sourcecode.c.h; path = MenuVC.h; sourceTree = "<group>"; };
		98F672F41B996E1E00A9292B /* MenuVC.m */ = {isa = PBXFileReference; fileEncoding = 4; lastKnownFileType = sourcecode.c.objc; path = MenuVC.m; sourceTree = "<group>"; };
		98F672F61B99802200A9292B /* Driver+Create.h */ = {isa = PBXFileReference; fileEncoding = 4; lastKnownFileType = sourcecode.c.h; name = "Driver+Create.h"; path = "Database/Driver+Create.h"; sourceTree = "<group>"; };
		98F672F71B99802200A9292B /* Driver+Create.m */ = {isa = PBXFileReference; fileEncoding = 4; lastKnownFileType = sourcecode.c.objc; name = "Driver+Create.m"; path = "Database/Driver+Create.m"; sourceTree = "<group>"; };
		98F673051B99A00700A9292B /* DriverListCDTVC.h */ = {isa = PBXFileReference; fileEncoding = 4; lastKnownFileType = sourcecode.c.h; path = DriverListCDTVC.h; sourceTree = "<group>"; };
		98F673061B99A00700A9292B /* DriverListCDTVC.m */ = {isa = PBXFileReference; fileEncoding = 4; lastKnownFileType = sourcecode.c.objc; path = DriverListCDTVC.m; sourceTree = "<group>"; };
		98F673081B99A41900A9292B /* User.h */ = {isa = PBXFileReference; fileEncoding = 4; lastKnownFileType = sourcecode.c.h; name = User.h; path = Database/User.h; sourceTree = "<group>"; };
		98F673091B99A41900A9292B /* User.m */ = {isa = PBXFileReference; fileEncoding = 4; lastKnownFileType = sourcecode.c.objc; name = User.m; path = Database/User.m; sourceTree = "<group>"; };
		98F673171B99A7FC00A9292B /* GroveTableViewCell.h */ = {isa = PBXFileReference; fileEncoding = 4; lastKnownFileType = sourcecode.c.h; name = GroveTableViewCell.h; path = Views/GroveTableViewCell.h; sourceTree = "<group>"; };
		98F673181B99A7FC00A9292B /* GroveTableViewCell.m */ = {isa = PBXFileReference; fileEncoding = 4; lastKnownFileType = sourcecode.c.objc; name = GroveTableViewCell.m; path = Views/GroveTableViewCell.m; sourceTree = "<group>"; };
		98F6731A1B99A92F00A9292B /* DriverDetailVC.h */ = {isa = PBXFileReference; fileEncoding = 4; lastKnownFileType = sourcecode.c.h; path = DriverDetailVC.h; sourceTree = "<group>"; };
		98F6731B1B99A92F00A9292B /* DriverDetailVC.m */ = {isa = PBXFileReference; fileEncoding = 4; lastKnownFileType = sourcecode.c.objc; path = DriverDetailVC.m; sourceTree = "<group>"; };
		98F673201B9A887100A9292B /* PrepareAPConfigVC.h */ = {isa = PBXFileReference; fileEncoding = 4; lastKnownFileType = sourcecode.c.h; path = PrepareAPConfigVC.h; sourceTree = "<group>"; };
		98F673211B9A887100A9292B /* PrepareAPConfigVC.m */ = {isa = PBXFileReference; fileEncoding = 4; lastKnownFileType = sourcecode.c.objc; path = PrepareAPConfigVC.m; sourceTree = "<group>"; };
		98F673231B9A956000A9292B /* SystemConfiguration.framework */ = {isa = PBXFileReference; lastKnownFileType = wrapper.framework; name = SystemConfiguration.framework; path = System/Library/Frameworks/SystemConfiguration.framework; sourceTree = SDKROOT; };
		98F673251B9AE27E00A9292B /* APConfigGuideVC.h */ = {isa = PBXFileReference; fileEncoding = 4; lastKnownFileType = sourcecode.c.h; path = APConfigGuideVC.h; sourceTree = "<group>"; };
		98F673261B9AE27E00A9292B /* APConfigGuideVC.m */ = {isa = PBXFileReference; fileEncoding = 4; lastKnownFileType = sourcecode.c.objc; path = APConfigGuideVC.m; sourceTree = "<group>"; };
		98F673281B9B0A2F00A9292B /* WiFiPasswordVC.h */ = {isa = PBXFileReference; fileEncoding = 4; lastKnownFileType = sourcecode.c.h; path = WiFiPasswordVC.h; sourceTree = "<group>"; };
		98F673291B9B0A2F00A9292B /* WiFiPasswordVC.m */ = {isa = PBXFileReference; fileEncoding = 4; lastKnownFileType = sourcecode.c.objc; path = WiFiPasswordVC.m; sourceTree = "<group>"; };
		98F6A3951BA07EEC005BFBA4 /* SignInVC.m */ = {isa = PBXFileReference; fileEncoding = 4; lastKnownFileType = sourcecode.c.objc; path = SignInVC.m; sourceTree = "<group>"; };
		98F6A3971BA07EFE005BFBA4 /* SignInVC.h */ = {isa = PBXFileReference; lastKnownFileType = sourcecode.c.h; path = SignInVC.h; sourceTree = "<group>"; };
		BADEDD0749106A759DC6DD76 /* Pods.debug.xcconfig */ = {isa = PBXFileReference; includeInIndex = 1; lastKnownFileType = text.xcconfig; name = Pods.debug.xcconfig; path = "Pods/Target Support Files/Pods/Pods.debug.xcconfig"; sourceTree = "<group>"; };
		C1981195BC8AE806D378DF3B /* Pods.framework */ = {isa = PBXFileReference; explicitFileType = wrapper.framework; includeInIndex = 0; path = Pods.framework; sourceTree = BUILT_PRODUCTS_DIR; };
/* End PBXFileReference section */

/* Begin PBXFrameworksBuildPhase section */
		98F672561B980E6800A9292B /* Frameworks */ = {
			isa = PBXFrameworksBuildPhase;
			buildActionMask = 2147483647;
			files = (
				3D1ACF31BED3DB007678738C /* Pods.framework in Frameworks */,
			);
			runOnlyForDeploymentPostprocessing = 0;
		};
/* End PBXFrameworksBuildPhase section */

/* Begin PBXGroup section */
		0930383B8D93905EAB144D33 /* Pods */ = {
			isa = PBXGroup;
			children = (
				BADEDD0749106A759DC6DD76 /* Pods.debug.xcconfig */,
				243FA921D9EC0C3B3301DE1F /* Pods.release.xcconfig */,
			);
			name = Pods;
			sourceTree = "<group>";
		};
		6437B1C9D2B17EC71581EC7D /* Frameworks */ = {
			isa = PBXGroup;
			children = (
				98F673231B9A956000A9292B /* SystemConfiguration.framework */,
				C1981195BC8AE806D378DF3B /* Pods.framework */,
			);
			name = Frameworks;
			sourceTree = "<group>";
		};
		98F672501B980E6800A9292B = {
			isa = PBXGroup;
			children = (
				98F6725B1B980E6800A9292B /* PionOne */,
				98F6725A1B980E6800A9292B /* Products */,
				0930383B8D93905EAB144D33 /* Pods */,
				6437B1C9D2B17EC71581EC7D /* Frameworks */,
			);
			sourceTree = "<group>";
		};
		98F6725A1B980E6800A9292B /* Products */ = {
			isa = PBXGroup;
			children = (
				98F672591B980E6800A9292B /* PionOne.app */,
			);
			name = Products;
			sourceTree = "<group>";
		};
		98F6725B1B980E6800A9292B /* PionOne */ = {
			isa = PBXGroup;
			children = (
				98F672B81B98287F00A9292B /* Database */,
				98F672981B9810E200A9292B /* ViewControllers */,
				98F672871B980F3900A9292B /* Classes */,
				98F672861B980F1200A9292B /* Views */,
				98F672691B980E6800A9292B /* Main.storyboard */,
				98F6726C1B980E6800A9292B /* Images.xcassets */,
				98F6726E1B980E6800A9292B /* LaunchScreen.xib */,
				98F672631B980E6800A9292B /* PionOne.xcdatamodeld */,
				98F6725C1B980E6800A9292B /* Supporting Files */,
			);
			path = PionOne;
			sourceTree = "<group>";
		};
		98F6725C1B980E6800A9292B /* Supporting Files */ = {
			isa = PBXGroup;
			children = (
				98F672601B980E6800A9292B /* AppDelegate.h */,
				98F672611B980E6800A9292B /* AppDelegate.m */,
				98F672E71B98457B00A9292B /* AppDelegate+Prepare.h */,
				98F672E81B98457B00A9292B /* AppDelegate+Prepare.m */,
				98F6725D1B980E6800A9292B /* Info.plist */,
				98F6725E1B980E6800A9292B /* main.m */,
			);
			name = "Supporting Files";
			sourceTree = "<group>";
		};
		98F672861B980F1200A9292B /* Views */ = {
			isa = PBXGroup;
			children = (
				984DFA3F1BA57B7C006E4DAB /* ListImageCell.h */,
				984DFA401BA57B7C006E4DAB /* ListImageCell.m */,
				984DFA411BA57B7C006E4DAB /* ListImageItem.h */,
				984DFA421BA57B7C006E4DAB /* ListImageItem.m */,
				984DFA361BA534C1006E4DAB /* MultilineTextItem.h */,
				984DFA371BA534C1006E4DAB /* MultilineTextItem.m */,
				984DFA301BA533E2006E4DAB /* MultilineTextCell.h */,
				984DFA311BA533E2006E4DAB /* MultilineTextCell.m */,
				98F673171B99A7FC00A9292B /* GroveTableViewCell.h */,
				98F673181B99A7FC00A9292B /* GroveTableViewCell.m */,
				98E026331BBF6B6C00D691B4 /* NodeListCell.h */,
				98E026341BBF6B6C00D691B4 /* NodeListCell.m */,
			);
			name = Views;
			sourceTree = "<group>";
		};
		98F672871B980F3900A9292B /* Classes */ = {
			isa = PBXGroup;
			children = (
				98F672B11B98118000A9292B /* NSString+Email.h */,
				98F672B21B98118000A9292B /* NSString+Email.m */,
				98F672B41B98176500A9292B /* PionOneManager.h */,
				98F672B51B98176500A9292B /* PionOneManager.m */,
				98F672B71B9822A700A9292B /* PionOneUserDefaults.h */,
				984DFA391BA53EAE006E4DAB /* NodeAPI.h */,
				984DFA3A1BA53EAE006E4DAB /* NodeAPI.m */,
				988B066F1BD48FFE00C4268E /* NSString+escapedUnicode.h */,
				988B06701BD48FFE00C4268E /* NSString+escapedUnicode.m */,
			);
			name = Classes;
			sourceTree = "<group>";
		};
		98F672981B9810E200A9292B /* ViewControllers */ = {
			isa = PBXGroup;
			children = (
				98F672A51B98114C00A9292B /* CoreDataTableViewController.h */,
				98F672A61B98114C00A9292B /* CoreDataTableViewController.m */,
				98F672A91B98114C00A9292B /* SignUpVC.h */,
				98F672AA1B98114C00A9292B /* SignUpVC.m */,
				98F6A3971BA07EFE005BFBA4 /* SignInVC.h */,
				98F6A3951BA07EEC005BFBA4 /* SignInVC.m */,
				98E9CF471BD0F21E00FE1F38 /* SetupViewController.h */,
				98E9CF481BD0F21E00FE1F38 /* SetupViewController.m */,
				98F672AB1B98114C00A9292B /* WelcomeViewController.h */,
				98F672AC1B98114C00A9292B /* WelcomeViewController.m */,
				98F672E11B9839A000A9292B /* NodeListCDTVC.h */,
				98F672E21B9839A000A9292B /* NodeListCDTVC.m */,
				98F672ED1B98CA6800A9292B /* RetrievePasswordVC.h */,
				98F672EE1B98CA6800A9292B /* RetrievePasswordVC.m */,
				98F672F01B9965A400A9292B /* RootViewController.h */,
				98F672F11B9965A400A9292B /* RootViewController.m */,
				98F672F31B996E1E00A9292B /* MenuVC.h */,
				98F672F41B996E1E00A9292B /* MenuVC.m */,
				98F673051B99A00700A9292B /* DriverListCDTVC.h */,
				98F673061B99A00700A9292B /* DriverListCDTVC.m */,
				98F6731A1B99A92F00A9292B /* DriverDetailVC.h */,
				98F6731B1B99A92F00A9292B /* DriverDetailVC.m */,
				98F673201B9A887100A9292B /* PrepareAPConfigVC.h */,
				98F673211B9A887100A9292B /* PrepareAPConfigVC.m */,
				98F673251B9AE27E00A9292B /* APConfigGuideVC.h */,
				98F673261B9AE27E00A9292B /* APConfigGuideVC.m */,
				98F673281B9B0A2F00A9292B /* WiFiPasswordVC.h */,
				98F673291B9B0A2F00A9292B /* WiFiPasswordVC.m */,
				98B4ED611BA13296000D6255 /* SetupNodeVC.h */,
				98B4ED621BA13296000D6255 /* SetupNodeVC.m */,
				98B4ED641BA1BF0F000D6255 /* SelectGroveTVC.h */,
				98B4ED651BA1BF0F000D6255 /* SelectGroveTVC.m */,
				984DFA271BA491E2006E4DAB /* NodeDetailTVC.h */,
				984DFA281BA491E2006E4DAB /* NodeDetailTVC.m */,
				984DFA2A1BA4B944006E4DAB /* NodeResourcesVC.h */,
				984DFA2B1BA4B944006E4DAB /* NodeResourcesVC.m */,
			);
			path = ViewControllers;
			sourceTree = "<group>";
		};
		98F672B81B98287F00A9292B /* Database */ = {
			isa = PBXGroup;
			children = (
				9805B13C1BCFB044003DD994 /* Node+CoreDataProperties.h */,
				9805B13D1BCFB044003DD994 /* Node+CoreDataProperties.m */,
				9805B13E1BCFB044003DD994 /* Node.h */,
				9805B13F1BCFB044003DD994 /* Node.m */,
				986E01451BA3DBCF00C12BF2 /* Grove.h */,
				986E01461BA3DBCF00C12BF2 /* Grove.m */,
				986E01421BA3DBCF00C12BF2 /* Driver.h */,
				986E01431BA3DBCF00C12BF2 /* Driver.m */,
				98B4ED671BA1C4F7000D6255 /* Grove+Create.h */,
				98B4ED681BA1C4F7000D6255 /* Grove+Create.m */,
				98F673081B99A41900A9292B /* User.h */,
				98F673091B99A41900A9292B /* User.m */,
				98F672DE1B98290C00A9292B /* User+Create.h */,
				98F672DF1B98290C00A9292B /* User+Create.m */,
				98F672E41B983F5300A9292B /* Node+Setup.h */,
				98F672E51B983F5300A9292B /* Node+Setup.m */,
				98F672F61B99802200A9292B /* Driver+Create.h */,
				98F672F71B99802200A9292B /* Driver+Create.m */,
			);
			name = Database;
			sourceTree = "<group>";
		};
/* End PBXGroup section */

/* Begin PBXNativeTarget section */
		98F672581B980E6800A9292B /* PionOne */ = {
			isa = PBXNativeTarget;
			buildConfigurationList = 98F6727F1B980E6800A9292B /* Build configuration list for PBXNativeTarget "PionOne" */;
			buildPhases = (
				40934425CB19426DF6E91813 /* Check Pods Manifest.lock */,
				98F672551B980E6800A9292B /* Sources */,
				98F672561B980E6800A9292B /* Frameworks */,
				98F672571B980E6800A9292B /* Resources */,
				60B07866A486E3E0E47D68AE /* Embed Pods Frameworks */,
				9852C621F8CC48E0B84A61E2 /* Copy Pods Resources */,
			);
			buildRules = (
			);
			dependencies = (
			);
			name = PionOne;
			productName = PionOne;
			productReference = 98F672591B980E6800A9292B /* PionOne.app */;
			productType = "com.apple.product-type.application";
		};
/* End PBXNativeTarget section */

/* Begin PBXProject section */
		98F672511B980E6800A9292B /* Project object */ = {
			isa = PBXProject;
			attributes = {
				LastUpgradeCheck = 0700;
				ORGANIZATIONNAME = SeeedStudio;
				TargetAttributes = {
					98F672581B980E6800A9292B = {
						CreatedOnToolsVersion = 6.4;
						DevelopmentTeam = C4NFRUL2MJ;
						SystemCapabilities = {
							com.apple.BackgroundModes = {
								enabled = 1;
							};
						};
					};
				};
			};
			buildConfigurationList = 98F672541B980E6800A9292B /* Build configuration list for PBXProject "PionOne" */;
			compatibilityVersion = "Xcode 3.2";
			developmentRegion = English;
			hasScannedForEncodings = 0;
			knownRegions = (
				en,
				Base,
			);
			mainGroup = 98F672501B980E6800A9292B;
			productRefGroup = 98F6725A1B980E6800A9292B /* Products */;
			projectDirPath = "";
			projectRoot = "";
			targets = (
				98F672581B980E6800A9292B /* PionOne */,
			);
		};
/* End PBXProject section */

/* Begin PBXResourcesBuildPhase section */
		98F672571B980E6800A9292B /* Resources */ = {
			isa = PBXResourcesBuildPhase;
			buildActionMask = 2147483647;
			files = (
				98F6726B1B980E6800A9292B /* Main.storyboard in Resources */,
				98F672701B980E6800A9292B /* LaunchScreen.xib in Resources */,
				98F6726D1B980E6800A9292B /* Images.xcassets in Resources */,
			);
			runOnlyForDeploymentPostprocessing = 0;
		};
/* End PBXResourcesBuildPhase section */

/* Begin PBXShellScriptBuildPhase section */
		40934425CB19426DF6E91813 /* Check Pods Manifest.lock */ = {
			isa = PBXShellScriptBuildPhase;
			buildActionMask = 2147483647;
			files = (
			);
			inputPaths = (
			);
			name = "Check Pods Manifest.lock";
			outputPaths = (
			);
			runOnlyForDeploymentPostprocessing = 0;
			shellPath = /bin/sh;
			shellScript = "diff \"${PODS_ROOT}/../Podfile.lock\" \"${PODS_ROOT}/Manifest.lock\" > /dev/null\nif [[ $? != 0 ]] ; then\n    cat << EOM\nerror: The sandbox is not in sync with the Podfile.lock. Run 'pod install' or update your CocoaPods installation.\nEOM\n    exit 1\nfi\n";
			showEnvVarsInLog = 0;
		};
		60B07866A486E3E0E47D68AE /* Embed Pods Frameworks */ = {
			isa = PBXShellScriptBuildPhase;
			buildActionMask = 2147483647;
			files = (
			);
			inputPaths = (
			);
			name = "Embed Pods Frameworks";
			outputPaths = (
			);
			runOnlyForDeploymentPostprocessing = 0;
			shellPath = /bin/sh;
			shellScript = "\"${SRCROOT}/Pods/Target Support Files/Pods/Pods-frameworks.sh\"\n";
			showEnvVarsInLog = 0;
		};
		9852C621F8CC48E0B84A61E2 /* Copy Pods Resources */ = {
			isa = PBXShellScriptBuildPhase;
			buildActionMask = 2147483647;
			files = (
			);
			inputPaths = (
			);
			name = "Copy Pods Resources";
			outputPaths = (
			);
			runOnlyForDeploymentPostprocessing = 0;
			shellPath = /bin/sh;
			shellScript = "\"${SRCROOT}/Pods/Target Support Files/Pods/Pods-resources.sh\"\n";
			showEnvVarsInLog = 0;
		};
/* End PBXShellScriptBuildPhase section */

/* Begin PBXSourcesBuildPhase section */
		98F672551B980E6800A9292B /* Sources */ = {
			isa = PBXSourcesBuildPhase;
			buildActionMask = 2147483647;
			files = (
				984DFA431BA57B7C006E4DAB /* ListImageCell.m in Sources */,
				984DFA441BA57B7C006E4DAB /* ListImageItem.m in Sources */,
				984DFA321BA533E2006E4DAB /* MultilineTextCell.m in Sources */,
				98F673191B99A7FC00A9292B /* GroveTableViewCell.m in Sources */,
				98B4ED691BA1C4F7000D6255 /* Grove+Create.m in Sources */,
				98F672621B980E6800A9292B /* AppDelegate.m in Sources */,
				986E01471BA3DBCF00C12BF2 /* Grove.m in Sources */,
				988B06711BD48FFE00C4268E /* NSString+escapedUnicode.m in Sources */,
				98F6A3961BA07EEC005BFBA4 /* SignInVC.m in Sources */,
				98E9CF491BD0F21E00FE1F38 /* SetupViewController.m in Sources */,
				98F672F21B9965A400A9292B /* RootViewController.m in Sources */,
				984DFA2C1BA4B944006E4DAB /* NodeResourcesVC.m in Sources */,
				98F6731C1B99A92F00A9292B /* DriverDetailVC.m in Sources */,
				98F672651B980E6800A9292B /* PionOne.xcdatamodeld in Sources */,
				98F6730A1B99A41900A9292B /* User.m in Sources */,
				98F6732A1B9B0A2F00A9292B /* WiFiPasswordVC.m in Sources */,
				98B4ED631BA13296000D6255 /* SetupNodeVC.m in Sources */,
				98F672B61B98176500A9292B /* PionOneManager.m in Sources */,
				984DFA3B1BA53EAE006E4DAB /* NodeAPI.m in Sources */,
				98F672EF1B98CA6800A9292B /* RetrievePasswordVC.m in Sources */,
				98F672E01B98290C00A9292B /* User+Create.m in Sources */,
				98F6725F1B980E6800A9292B /* main.m in Sources */,
				98B4ED661BA1BF0F000D6255 /* SelectGroveTVC.m in Sources */,
				9805B1401BCFB044003DD994 /* Node+CoreDataProperties.m in Sources */,
				98F672F81B99802200A9292B /* Driver+Create.m in Sources */,
				984DFA291BA491E2006E4DAB /* NodeDetailTVC.m in Sources */,
				98F673221B9A887100A9292B /* PrepareAPConfigVC.m in Sources */,
				98F672E61B983F5300A9292B /* Node+Setup.m in Sources */,
				9805B1411BCFB044003DD994 /* Node.m in Sources */,
				98F672E31B9839A000A9292B /* NodeListCDTVC.m in Sources */,
				984DFA381BA534C1006E4DAB /* MultilineTextItem.m in Sources */,
				986E01441BA3DBCF00C12BF2 /* Driver.m in Sources */,
				98F672F51B996E1E00A9292B /* MenuVC.m in Sources */,
				98F672B31B98118000A9292B /* NSString+Email.m in Sources */,
				98F672E91B98457B00A9292B /* AppDelegate+Prepare.m in Sources */,
				98E026351BBF6B6C00D691B4 /* NodeListCell.m in Sources */,
				98F673071B99A00700A9292B /* DriverListCDTVC.m in Sources */,
				98F672B01B98114C00A9292B /* WelcomeViewController.m in Sources */,
				98F672AD1B98114C00A9292B /* CoreDataTableViewController.m in Sources */,
				98F673271B9AE27E00A9292B /* APConfigGuideVC.m in Sources */,
				98F672AF1B98114C00A9292B /* SignUpVC.m in Sources */,
			);
			runOnlyForDeploymentPostprocessing = 0;
		};
/* End PBXSourcesBuildPhase section */

/* Begin PBXVariantGroup section */
		98F672691B980E6800A9292B /* Main.storyboard */ = {
			isa = PBXVariantGroup;
			children = (
				98F6726A1B980E6800A9292B /* Base */,
			);
			name = Main.storyboard;
			sourceTree = "<group>";
		};
		98F6726E1B980E6800A9292B /* LaunchScreen.xib */ = {
			isa = PBXVariantGroup;
			children = (
				98F6726F1B980E6800A9292B /* Base */,
			);
			name = LaunchScreen.xib;
			sourceTree = "<group>";
		};
/* End PBXVariantGroup section */

/* Begin XCBuildConfiguration section */
		98F6727D1B980E6800A9292B /* Debug */ = {
			isa = XCBuildConfiguration;
			buildSettings = {
				ALWAYS_SEARCH_USER_PATHS = NO;
				CLANG_CXX_LANGUAGE_STANDARD = "gnu++0x";
				CLANG_CXX_LIBRARY = "libc++";
				CLANG_ENABLE_MODULES = YES;
				CLANG_ENABLE_OBJC_ARC = YES;
				CLANG_WARN_BOOL_CONVERSION = YES;
				CLANG_WARN_CONSTANT_CONVERSION = YES;
				CLANG_WARN_DIRECT_OBJC_ISA_USAGE = YES_ERROR;
				CLANG_WARN_EMPTY_BODY = YES;
				CLANG_WARN_ENUM_CONVERSION = YES;
				CLANG_WARN_INT_CONVERSION = YES;
				CLANG_WARN_OBJC_ROOT_CLASS = YES_ERROR;
				CLANG_WARN_UNREACHABLE_CODE = YES;
				CLANG_WARN__DUPLICATE_METHOD_MATCH = YES;
				"CODE_SIGN_IDENTITY[sdk=iphoneos*]" = "iPhone Developer";
				COPY_PHASE_STRIP = NO;
				DEBUG_INFORMATION_FORMAT = "dwarf-with-dsym";
				ENABLE_STRICT_OBJC_MSGSEND = YES;
				ENABLE_TESTABILITY = YES;
				GCC_C_LANGUAGE_STANDARD = gnu99;
				GCC_DYNAMIC_NO_PIC = NO;
				GCC_NO_COMMON_BLOCKS = YES;
				GCC_OPTIMIZATION_LEVEL = 0;
				GCC_PREPROCESSOR_DEFINITIONS = (
					"DEBUG=1",
					"$(inherited)",
				);
				GCC_SYMBOLS_PRIVATE_EXTERN = NO;
				GCC_WARN_64_TO_32_BIT_CONVERSION = YES;
				GCC_WARN_ABOUT_RETURN_TYPE = YES_ERROR;
				GCC_WARN_UNDECLARED_SELECTOR = YES;
				GCC_WARN_UNINITIALIZED_AUTOS = YES_AGGRESSIVE;
				GCC_WARN_UNUSED_FUNCTION = YES;
				GCC_WARN_UNUSED_VARIABLE = YES;
				IPHONEOS_DEPLOYMENT_TARGET = 8.0;
				MTL_ENABLE_DEBUG_INFO = YES;
				ONLY_ACTIVE_ARCH = YES;
				SDKROOT = iphoneos;
			};
			name = Debug;
		};
		98F6727E1B980E6800A9292B /* Release */ = {
			isa = XCBuildConfiguration;
			buildSettings = {
				ALWAYS_SEARCH_USER_PATHS = NO;
				CLANG_CXX_LANGUAGE_STANDARD = "gnu++0x";
				CLANG_CXX_LIBRARY = "libc++";
				CLANG_ENABLE_MODULES = YES;
				CLANG_ENABLE_OBJC_ARC = YES;
				CLANG_WARN_BOOL_CONVERSION = YES;
				CLANG_WARN_CONSTANT_CONVERSION = YES;
				CLANG_WARN_DIRECT_OBJC_ISA_USAGE = YES_ERROR;
				CLANG_WARN_EMPTY_BODY = YES;
				CLANG_WARN_ENUM_CONVERSION = YES;
				CLANG_WARN_INT_CONVERSION = YES;
				CLANG_WARN_OBJC_ROOT_CLASS = YES_ERROR;
				CLANG_WARN_UNREACHABLE_CODE = YES;
				CLANG_WARN__DUPLICATE_METHOD_MATCH = YES;
				"CODE_SIGN_IDENTITY[sdk=iphoneos*]" = "iPhone Developer";
				COPY_PHASE_STRIP = NO;
				DEBUG_INFORMATION_FORMAT = "dwarf-with-dsym";
				ENABLE_NS_ASSERTIONS = NO;
				ENABLE_STRICT_OBJC_MSGSEND = YES;
				GCC_C_LANGUAGE_STANDARD = gnu99;
				GCC_NO_COMMON_BLOCKS = YES;
				GCC_WARN_64_TO_32_BIT_CONVERSION = YES;
				GCC_WARN_ABOUT_RETURN_TYPE = YES_ERROR;
				GCC_WARN_UNDECLARED_SELECTOR = YES;
				GCC_WARN_UNINITIALIZED_AUTOS = YES_AGGRESSIVE;
				GCC_WARN_UNUSED_FUNCTION = YES;
				GCC_WARN_UNUSED_VARIABLE = YES;
				IPHONEOS_DEPLOYMENT_TARGET = 8.0;
				MTL_ENABLE_DEBUG_INFO = NO;
				SDKROOT = iphoneos;
				VALIDATE_PRODUCT = YES;
			};
			name = Release;
		};
		98F672801B980E6800A9292B /* Debug */ = {
			isa = XCBuildConfiguration;
			baseConfigurationReference = BADEDD0749106A759DC6DD76 /* Pods.debug.xcconfig */;
			buildSettings = {
				ASSETCATALOG_COMPILER_APPICON_NAME = AppIcon;
				CODE_SIGN_IDENTITY = "iPhone Developer";
				"CODE_SIGN_IDENTITY[sdk=iphoneos*]" = "iPhone Developer";
				EMBEDDED_CONTENT_CONTAINS_SWIFT = YES;
				INFOPLIST_FILE = PionOne/Info.plist;
				IPHONEOS_DEPLOYMENT_TARGET = 8.0;
				LD_RUNPATH_SEARCH_PATHS = "$(inherited) @executable_path/Frameworks";
				PRODUCT_BUNDLE_IDENTIFIER = "STU.$(PRODUCT_NAME:rfc1034identifier)";
				PRODUCT_NAME = "$(TARGET_NAME)";
				PROVISIONING_PROFILE = "";
			};
			name = Debug;
		};
		98F672811B980E6800A9292B /* Release */ = {
			isa = XCBuildConfiguration;
			baseConfigurationReference = 243FA921D9EC0C3B3301DE1F /* Pods.release.xcconfig */;
			buildSettings = {
				ASSETCATALOG_COMPILER_APPICON_NAME = AppIcon;
				CODE_SIGN_IDENTITY = "iPhone Developer";
				"CODE_SIGN_IDENTITY[sdk=iphoneos*]" = "iPhone Developer";
				EMBEDDED_CONTENT_CONTAINS_SWIFT = YES;
				INFOPLIST_FILE = PionOne/Info.plist;
				IPHONEOS_DEPLOYMENT_TARGET = 8.0;
				LD_RUNPATH_SEARCH_PATHS = "$(inherited) @executable_path/Frameworks";
				PRODUCT_BUNDLE_IDENTIFIER = "STU.$(PRODUCT_NAME:rfc1034identifier)";
				PRODUCT_NAME = "$(TARGET_NAME)";
				PROVISIONING_PROFILE = "";
			};
			name = Release;
		};
/* End XCBuildConfiguration section */

/* Begin XCConfigurationList section */
		98F672541B980E6800A9292B /* Build configuration list for PBXProject "PionOne" */ = {
			isa = XCConfigurationList;
			buildConfigurations = (
				98F6727D1B980E6800A9292B /* Debug */,
				98F6727E1B980E6800A9292B /* Release */,
			);
			defaultConfigurationIsVisible = 0;
			defaultConfigurationName = Release;
		};
		98F6727F1B980E6800A9292B /* Build configuration list for PBXNativeTarget "PionOne" */ = {
			isa = XCConfigurationList;
			buildConfigurations = (
				98F672801B980E6800A9292B /* Debug */,
				98F672811B980E6800A9292B /* Release */,
			);
			defaultConfigurationIsVisible = 0;
			defaultConfigurationName = Release;
		};
/* End XCConfigurationList section */

/* Begin XCVersionGroup section */
		98F672631B980E6800A9292B /* PionOne.xcdatamodeld */ = {
			isa = XCVersionGroup;
			children = (
				98F672641B980E6800A9292B /* PionOne.xcdatamodel */,
			);
			currentVersion = 98F672641B980E6800A9292B /* PionOne.xcdatamodel */;
			path = PionOne.xcdatamodeld;
			sourceTree = "<group>";
			versionGroupType = wrapper.xcdatamodel;
		};
/* End XCVersionGroup section */
	};
	rootObject = 98F672511B980E6800A9292B /* Project object */;
}
